
Microsoft Visual Studio Solution File, Format Version 12.00
# Visual Studio Version 16
VisualStudioVersion = 16.0.30907.101
MinimumVisualStudioVersion = 10.0.40219.1
Project("{FAE04EC0-301F-11D3-BF4B-00C04F79EFBC}") = "SystemOfLinearEquations", "SystemOfLinearEquations\SystemOfLinearEquations.csproj", "{BFA7F004-CB94-4B26-8A18-6B7408D5F1E5}"
EndProject
Global
	GlobalSection(SolutionConfigurationPlatforms) = preSolution
		Debug|Any CPU = Debug|Any CPU
		Release|Any CPU = Release|Any CPU
	EndGlobalSection
	GlobalSection(ProjectConfigurationPlatforms) = postSolution
		{BFA7F004-CB94-4B26-8A18-6B7408D5F1E5}.Debug|Any CPU.ActiveCfg = Debug|Any CPU
		{BFA7F004-CB94-4B26-8A18-6B7408D5F1E5}.Debug|Any CPU.Build.0 = Debug|Any CPU
		{BFA7F004-CB94-4B26-8A18-6B7408D5F1E5}.Release|Any CPU.ActiveCfg = Release|Any CPU
		{BFA7F004-CB94-4B26-8A18-6B7408D5F1E5}.Release|Any CPU.Build.0 = Release|Any CPU
	EndGlobalSection
	GlobalSection(SolutionProperties) = preSolution
		HideSolutionNode = FALSE
	EndGlobalSection
	GlobalSection(ExtensibilityGlobals) = postSolution
		SolutionGuid = {9375C56A-59B4-4E71-AB4B-3260AF828865}
	EndGlobalSection
EndGlobal
